// !$*UTF8*$!
{
	archiveVersion = 1;
	classes = {
	};
	objectVersion = 50;
	objects = {

/* Begin PBXBuildFile section */
		D8B762E721E927BD0033F33B /* AppDelegate.swift in Sources */ = {isa = PBXBuildFile; fileRef = D8B762E621E927BD0033F33B /* AppDelegate.swift */; };
		D8B762EB21E927C00033F33B /* Assets.xcassets in Resources */ = {isa = PBXBuildFile; fileRef = D8B762EA21E927C00033F33B /* Assets.xcassets */; };
		D8B762EE21E927C00033F33B /* Main.storyboard in Resources */ = {isa = PBXBuildFile; fileRef = D8B762EC21E927C00033F33B /* Main.storyboard */; };
		D8B762F821E92E680033F33B /* AgentStatusViewController.swift in Sources */ = {isa = PBXBuildFile; fileRef = D8B762F621E92E680033F33B /* AgentStatusViewController.swift */; };
		D8B762F921E92E680033F33B /* AgentStatusViewController.xib in Resources */ = {isa = PBXBuildFile; fileRef = D8B762F721E92E680033F33B /* AgentStatusViewController.xib */; };
		D8B762FB21ECD0360033F33B /* EventMonitor.swift in Sources */ = {isa = PBXBuildFile; fileRef = D8B762FA21ECD0360033F33B /* EventMonitor.swift */; };
		D8B762FD21EE18F70033F33B /* WiFiInfoCenter.swift in Sources */ = {isa = PBXBuildFile; fileRef = D8B762FC21EE18F70033F33B /* WiFiInfoCenter.swift */; };
		D8B762FF21EE79C80033F33B /* PowerMonitor.swift in Sources */ = {isa = PBXBuildFile; fileRef = D8B762FE21EE79C80033F33B /* PowerMonitor.swift */; };
/* End PBXBuildFile section */

/* Begin PBXFileReference section */
		D8B762E321E927BD0033F33B /* MenuBarTest.app */ = {isa = PBXFileReference; explicitFileType = wrapper.application; includeInIndex = 0; path = MenuBarTest.app; sourceTree = BUILT_PRODUCTS_DIR; };
		D8B762E621E927BD0033F33B /* AppDelegate.swift */ = {isa = PBXFileReference; lastKnownFileType = sourcecode.swift; path = AppDelegate.swift; sourceTree = "<group>"; };
		D8B762EA21E927C00033F33B /* Assets.xcassets */ = {isa = PBXFileReference; lastKnownFileType = folder.assetcatalog; path = Assets.xcassets; sourceTree = "<group>"; };
		D8B762ED21E927C00033F33B /* Base */ = {isa = PBXFileReference; lastKnownFileType = file.storyboard; name = Base; path = Base.lproj/Main.storyboard; sourceTree = "<group>"; };
		D8B762EF21E927C00033F33B /* Info.plist */ = {isa = PBXFileReference; lastKnownFileType = text.plist.xml; path = Info.plist; sourceTree = "<group>"; };
		D8B762F021E927C00033F33B /* MenuBarTest.entitlements */ = {isa = PBXFileReference; lastKnownFileType = text.plist.entitlements; path = MenuBarTest.entitlements; sourceTree = "<group>"; };
		D8B762F621E92E680033F33B /* AgentStatusViewController.swift */ = {isa = PBXFileReference; lastKnownFileType = sourcecode.swift; path = AgentStatusViewController.swift; sourceTree = "<group>"; };
		D8B762F721E92E680033F33B /* AgentStatusViewController.xib */ = {isa = PBXFileReference; lastKnownFileType = file.xib; path = AgentStatusViewController.xib; sourceTree = "<group>"; };
		D8B762FA21ECD0360033F33B /* EventMonitor.swift */ = {isa = PBXFileReference; lastKnownFileType = sourcecode.swift; path = EventMonitor.swift; sourceTree = "<group>"; };
		D8B762FC21EE18F70033F33B /* WiFiInfoCenter.swift */ = {isa = PBXFileReference; lastKnownFileType = sourcecode.swift; path = WiFiInfoCenter.swift; sourceTree = "<group>"; };
		D8B762FE21EE79C80033F33B /* PowerMonitor.swift */ = {isa = PBXFileReference; lastKnownFileType = sourcecode.swift; path = PowerMonitor.swift; sourceTree = "<group>"; };
/* End PBXFileReference section */

/* Begin PBXFrameworksBuildPhase section */
		D8B762E021E927BD0033F33B /* Frameworks */ = {
			isa = PBXFrameworksBuildPhase;
			buildActionMask = 2147483647;
			files = (
			);
			runOnlyForDeploymentPostprocessing = 0;
		};
/* End PBXFrameworksBuildPhase section */

/* Begin PBXGroup section */
		D8B762DA21E927BD0033F33B = {
			isa = PBXGroup;
			children = (
				D8B762E521E927BD0033F33B /* MenuBarTest */,
				D8B762E421E927BD0033F33B /* Products */,
			);
			sourceTree = "<group>";
		};
		D8B762E421E927BD0033F33B /* Products */ = {
			isa = PBXGroup;
			children = (
				D8B762E321E927BD0033F33B /* MenuBarTest.app */,
			);
			name = Products;
			sourceTree = "<group>";
		};
		D8B762E521E927BD0033F33B /* MenuBarTest */ = {
			isa = PBXGroup;
			children = (
				D8B762E621E927BD0033F33B /* AppDelegate.swift */,
				D8B762F621E92E680033F33B /* AgentStatusViewController.swift */,
				D8B762F721E92E680033F33B /* AgentStatusViewController.xib */,
				D8B762EA21E927C00033F33B /* Assets.xcassets */,
				D8B762EC21E927C00033F33B /* Main.storyboard */,
				D8B762EF21E927C00033F33B /* Info.plist */,
				D8B762F021E927C00033F33B /* MenuBarTest.entitlements */,
				D8B762FA21ECD0360033F33B /* EventMonitor.swift */,
				D8B762FC21EE18F70033F33B /* WiFiInfoCenter.swift */,
				D8B762FE21EE79C80033F33B /* PowerMonitor.swift */,
			);
			path = MenuBarTest;
			sourceTree = "<group>";
		};
/* End PBXGroup section */

/* Begin PBXNativeTarget section */
		D8B762E221E927BD0033F33B /* MenuBarTest */ = {
			isa = PBXNativeTarget;
			buildConfigurationList = D8B762F321E927C00033F33B /* Build configuration list for PBXNativeTarget "MenuBarTest" */;
			buildPhases = (
				D8B762DF21E927BD0033F33B /* Sources */,
				D8B762E021E927BD0033F33B /* Frameworks */,
				D8B762E121E927BD0033F33B /* Resources */,
			);
			buildRules = (
			);
			dependencies = (
			);
			name = MenuBarTest;
			productName = MenuBarTest;
			productReference = D8B762E321E927BD0033F33B /* MenuBarTest.app */;
			productType = "com.apple.product-type.application";
		};
/* End PBXNativeTarget section */

/* Begin PBXProject section */
		D8B762DB21E927BD0033F33B /* Project object */ = {
			isa = PBXProject;
			attributes = {
				LastSwiftUpdateCheck = 1010;
				LastUpgradeCheck = 1010;
				ORGANIZATIONNAME = 7SIGNAL;
				TargetAttributes = {
					D8B762E221E927BD0033F33B = {
						CreatedOnToolsVersion = 10.1;
						SystemCapabilities = {
							com.apple.Sandbox = {
								enabled = 1;
							};
						};
					};
				};
			};
			buildConfigurationList = D8B762DE21E927BD0033F33B /* Build configuration list for PBXProject "MenuBarTest" */;
			compatibilityVersion = "Xcode 9.3";
			developmentRegion = en;
			hasScannedForEncodings = 0;
			knownRegions = (
				en,
				Base,
			);
			mainGroup = D8B762DA21E927BD0033F33B;
			productRefGroup = D8B762E421E927BD0033F33B /* Products */;
			projectDirPath = "";
			projectRoot = "";
			targets = (
				D8B762E221E927BD0033F33B /* MenuBarTest */,
			);
		};
/* End PBXProject section */

/* Begin PBXResourcesBuildPhase section */
		D8B762E121E927BD0033F33B /* Resources */ = {
			isa = PBXResourcesBuildPhase;
			buildActionMask = 2147483647;
			files = (
				D8B762EB21E927C00033F33B /* Assets.xcassets in Resources */,
				D8B762F921E92E680033F33B /* AgentStatusViewController.xib in Resources */,
				D8B762EE21E927C00033F33B /* Main.storyboard in Resources */,
			);
			runOnlyForDeploymentPostprocessing = 0;
		};
/* End PBXResourcesBuildPhase section */

/* Begin PBXSourcesBuildPhase section */
		D8B762DF21E927BD0033F33B /* Sources */ = {
			isa = PBXSourcesBuildPhase;
			buildActionMask = 2147483647;
			files = (
				D8B762FD21EE18F70033F33B /* WiFiInfoCenter.swift in Sources */,
				D8B762F821E92E680033F33B /* AgentStatusViewController.swift in Sources */,
				D8B762FF21EE79C80033F33B /* PowerMonitor.swift in Sources */,
				D8B762E721E927BD0033F33B /* AppDelegate.swift in Sources */,
				D8B762FB21ECD0360033F33B /* EventMonitor.swift in Sources */,
			);
			runOnlyForDeploymentPostprocessing = 0;
		};
/* End PBXSourcesBuildPhase section */

/* Begin PBXVariantGroup section */
		D8B762EC21E927C00033F33B /* Main.storyboard */ = {
			isa = PBXVariantGroup;
			children = (
				D8B762ED21E927C00033F33B /* Base */,
			);
			name = Main.storyboard;
			sourceTree = "<group>";
		};
/* End PBXVariantGroup section */

/* Begin XCBuildConfiguration section */
		D8B762F121E927C00033F33B /* Debug */ = {
			isa = XCBuildConfiguration;
			buildSettings = {
				ALWAYS_SEARCH_USER_PATHS = NO;
				CLANG_ANALYZER_NONNULL = YES;
				CLANG_ANALYZER_NUMBER_OBJECT_CONVERSION = YES_AGGRESSIVE;
				CLANG_CXX_LANGUAGE_STANDARD = "gnu++14";
				CLANG_CXX_LIBRARY = "libc++";
				CLANG_ENABLE_MODULES = YES;
				CLANG_ENABLE_OBJC_ARC = YES;
				CLANG_ENABLE_OBJC_WEAK = YES;
				CLANG_WARN_BLOCK_CAPTURE_AUTORELEASING = YES;
				CLANG_WARN_BOOL_CONVERSION = YES;
				CLANG_WARN_COMMA = YES;
				CLANG_WARN_CONSTANT_CONVERSION = YES;
				CLANG_WARN_DEPRECATED_OBJC_IMPLEMENTATIONS = YES;
				CLANG_WARN_DIRECT_OBJC_ISA_USAGE = YES_ERROR;
				CLANG_WARN_DOCUMENTATION_COMMENTS = YES;
				CLANG_WARN_EMPTY_BODY = YES;
				CLANG_WARN_ENUM_CONVERSION = YES;
				CLANG_WARN_INFINITE_RECURSION = YES;
				CLANG_WARN_INT_CONVERSION = YES;
				CLANG_WARN_NON_LITERAL_NULL_CONVERSION = YES;
				CLANG_WARN_OBJC_IMPLICIT_RETAIN_SELF = YES;
				CLANG_WARN_OBJC_LITERAL_CONVERSION = YES;
				CLANG_WARN_OBJC_ROOT_CLASS = YES_ERROR;
				CLANG_WARN_RANGE_LOOP_ANALYSIS = YES;
				CLANG_WARN_STRICT_PROTOTYPES = YES;
				CLANG_WARN_SUSPICIOUS_MOVE = YES;
				CLANG_WARN_UNGUARDED_AVAILABILITY = YES_AGGRESSIVE;
				CLANG_WARN_UNREACHABLE_CODE = YES;
				CLANG_WARN__DUPLICATE_METHOD_MATCH = YES;
				CODE_SIGN_IDENTITY = "Mac Developer";
				COPY_PHASE_STRIP = NO;
				DEBUG_INFORMATION_FORMAT = dwarf;
				ENABLE_STRICT_OBJC_MSGSEND = YES;
				ENABLE_TESTABILITY = YES;
				GCC_C_LANGUAGE_STANDARD = gnu11;
				GCC_DYNAMIC_NO_PIC = NO;
				GCC_NO_COMMON_BLOCKS = YES;
				GCC_OPTIMIZATION_LEVEL = 0;
				GCC_PREPROCESSOR_DEFINITIONS = (
					"DEBUG=1",
					"$(inherited)",
				);
				GCC_WARN_64_TO_32_BIT_CONVERSION = YES;
				GCC_WARN_ABOUT_RETURN_TYPE = YES_ERROR;
				GCC_WARN_UNDECLARED_SELECTOR = YES;
				GCC_WARN_UNINITIALIZED_AUTOS = YES_AGGRESSIVE;
				GCC_WARN_UNUSED_FUNCTION = YES;
				GCC_WARN_UNUSED_VARIABLE = YES;
				MACOSX_DEPLOYMENT_TARGET = 10.14;
				MTL_ENABLE_DEBUG_INFO = INCLUDE_SOURCE;
				MTL_FAST_MATH = YES;
				ONLY_ACTIVE_ARCH = YES;
				SDKROOT = macosx;
				SWIFT_ACTIVE_COMPILATION_CONDITIONS = DEBUG;
				SWIFT_OPTIMIZATION_LEVEL = "-Onone";
			};
			name = Debug;
		};
		D8B762F221E927C00033F33B /* Release */ = {
			isa = XCBuildConfiguration;
			buildSettings = {
				ALWAYS_SEARCH_USER_PATHS = NO;
				CLANG_ANALYZER_NONNULL = YES;
				CLANG_ANALYZER_NUMBER_OBJECT_CONVERSION = YES_AGGRESSIVE;
				CLANG_CXX_LANGUAGE_STANDARD = "gnu++14";
				CLANG_CXX_LIBRARY = "libc++";
				CLANG_ENABLE_MODULES = YES;
				CLANG_ENABLE_OBJC_ARC = YES;
				CLANG_ENABLE_OBJC_WEAK = YES;
				CLANG_WARN_BLOCK_CAPTURE_AUTORELEASING = YES;
				CLANG_WARN_BOOL_CONVERSION = YES;
				CLANG_WARN_COMMA = YES;
				CLANG_WARN_CONSTANT_CONVERSION = YES;
				CLANG_WARN_DEPRECATED_OBJC_IMPLEMENTATIONS = YES;
				CLANG_WARN_DIRECT_OBJC_ISA_USAGE = YES_ERROR;
				CLANG_WARN_DOCUMENTATION_COMMENTS = YES;
				CLANG_WARN_EMPTY_BODY = YES;
				CLANG_WARN_ENUM_CONVERSION = YES;
				CLANG_WARN_INFINITE_RECURSION = YES;
				CLANG_WARN_INT_CONVERSION = YES;
				CLANG_WARN_NON_LITERAL_NULL_CONVERSION = YES;
				CLANG_WARN_OBJC_IMPLICIT_RETAIN_SELF = YES;
				CLANG_WARN_OBJC_LITERAL_CONVERSION = YES;
				CLANG_WARN_OBJC_ROOT_CLASS = YES_ERROR;
				CLANG_WARN_RANGE_LOOP_ANALYSIS = YES;
				CLANG_WARN_STRICT_PROTOTYPES = YES;
				CLANG_WARN_SUSPICIOUS_MOVE = YES;
				CLANG_WARN_UNGUARDED_AVAILABILITY = YES_AGGRESSIVE;
				CLANG_WARN_UNREACHABLE_CODE = YES;
				CLANG_WARN__DUPLICATE_METHOD_MATCH = YES;
				CODE_SIGN_IDENTITY = "Mac Developer";
				COPY_PHASE_STRIP = NO;
				DEBUG_INFORMATION_FORMAT = "dwarf-with-dsym";
				ENABLE_NS_ASSERTIONS = NO;
				ENABLE_STRICT_OBJC_MSGSEND = YES;
				GCC_C_LANGUAGE_STANDARD = gnu11;
				GCC_NO_COMMON_BLOCKS = YES;
				GCC_WARN_64_TO_32_BIT_CONVERSION = YES;
				GCC_WARN_ABOUT_RETURN_TYPE = YES_ERROR;
				GCC_WARN_UNDECLARED_SELECTOR = YES;
				GCC_WARN_UNINITIALIZED_AUTOS = YES_AGGRESSIVE;
				GCC_WARN_UNUSED_FUNCTION = YES;
				GCC_WARN_UNUSED_VARIABLE = YES;
				MACOSX_DEPLOYMENT_TARGET = 10.14;
				MTL_ENABLE_DEBUG_INFO = NO;
				MTL_FAST_MATH = YES;
				SDKROOT = macosx;
				SWIFT_COMPILATION_MODE = wholemodule;
				SWIFT_OPTIMIZATION_LEVEL = "-O";
			};
			name = Release;
		};
		D8B762F421E927C00033F33B /* Debug */ = {
			isa = XCBuildConfiguration;
			buildSettings = {
				ASSETCATALOG_COMPILER_APPICON_NAME = AppIcon;
				CODE_SIGN_ENTITLEMENTS = MenuBarTest/MenuBarTest.entitlements;
				CODE_SIGN_STYLE = Automatic;
				COMBINE_HIDPI_IMAGES = YES;
				DEVELOPMENT_TEAM = PK2NBHJ75P;
				INFOPLIST_FILE = MenuBarTest/Info.plist;
				LD_RUNPATH_SEARCH_PATHS = (
					"$(inherited)",
					"@executable_path/../Frameworks",
				);
				PRODUCT_BUNDLE_IDENTIFIER = com.sevensignal.MenuBarTest;
				PRODUCT_NAME = "$(TARGET_NAME)";
				SWIFT_VERSION = 4.2;
			};
			name = Debug;
		};
		D8B762F521E927C00033F33B /* Release */ = {
			isa = XCBuildConfiguration;
			buildSettings = {
				ASSETCATALOG_COMPILER_APPICON_NAME = AppIcon;
				CODE_SIGN_ENTITLEMENTS = MenuBarTest/MenuBarTest.entitlements;
				CODE_SIGN_STYLE = Automatic;
				COMBINE_HIDPI_IMAGES = YES;
				DEVELOPMENT_TEAM = PK2NBHJ75P;
				INFOPLIST_FILE = MenuBarTest/Info.plist;
				LD_RUNPATH_SEARCH_PATHS = (
					"$(inherited)",
					"@executable_path/../Frameworks",
				);
				PRODUCT_BUNDLE_IDENTIFIER = com.sevensignal.MenuBarTest;
				PRODUCT_NAME = "$(TARGET_NAME)";
				SWIFT_VERSION = 4.2;
			};
			name = Release;
		};
/* End XCBuildConfiguration section */

/* Begin XCConfigurationList section */
		D8B762DE21E927BD0033F33B /* Build configuration list for PBXProject "MenuBarTest" */ = {
			isa = XCConfigurationList;
			buildConfigurations = (
				D8B762F121E927C00033F33B /* Debug */,
				D8B762F221E927C00033F33B /* Release */,
			);
			defaultConfigurationIsVisible = 0;
			defaultConfigurationName = Release;
		};
		D8B762F321E927C00033F33B /* Build configuration list for PBXNativeTarget "MenuBarTest" */ = {
			isa = XCConfigurationList;
			buildConfigurations = (
				D8B762F421E927C00033F33B /* Debug */,
				D8B762F521E927C00033F33B /* Release */,
			);
			defaultConfigurationIsVisible = 0;
			defaultConfigurationName = Release;
		};
/* End XCConfigurationList section */
	};
	rootObject = D8B762DB21E927BD0033F33B /* Project object */;
}
